
Microsoft Visual Studio Solution File, Format Version 12.00
# Visual Studio Version 17
VisualStudioVersion = 17.14.36915.13 d17.14
MinimumVisualStudioVersion = 10.0.40219.1
Project("{FAE04EC0-301F-11D3-BF4B-00C04F79EFBC}") = "GorillaAdBlocker", "GorillaAdBlocker\GorillaAdBlocker.csproj", "{BC984B7A-74F1-4654-AA2B-B49E710EDF76}"
EndProject
Global
	GlobalSection(SolutionConfigurationPlatforms) = preSolution
		Debug|Any CPU = Debug|Any CPU
		Release|Any CPU = Release|Any CPU
	EndGlobalSection
	GlobalSection(ProjectConfigurationPlatforms) = postSolution
		{BC984B7A-74F1-4654-AA2B-B49E710EDF76}.Debug|Any CPU.ActiveCfg = Debug|Any CPU
		{BC984B7A-74F1-4654-AA2B-B49E710EDF76}.Debug|Any CPU.Build.0 = Debug|Any CPU
		{BC984B7A-74F1-4654-AA2B-B49E710EDF76}.Release|Any CPU.ActiveCfg = Release|Any CPU
		{BC984B7A-74F1-4654-AA2B-B49E710EDF76}.Release|Any CPU.Build.0 = Release|Any CPU
	EndGlobalSection
	GlobalSection(SolutionProperties) = preSolution
		HideSolutionNode = FALSE
	EndGlobalSection
	GlobalSection(ExtensibilityGlobals) = postSolution
		SolutionGuid = {E0AD368B-6E56-4FBB-8A32-5932DA5E5AC1}
	EndGlobalSection
EndGlobal
